
Microsoft Visual Studio Solution File, Format Version 12.00
# Visual Studio Version 17
VisualStudioVersion = 17.0.32126.317
MinimumVisualStudioVersion = 10.0.40219.1
Project("{8BC9CEB8-8B4A-11D0-8D11-00A0C91BC942}") = "8080Emulator", "8080Emulator.vcxproj", "{D01BB28B-659F-402E-B7F1-8A3C537C9638}"
EndProject
Global
	GlobalSection(SolutionConfigurationPlatforms) = preSolution
		Debug|x64 = Debug|x64
		Debug|x86 = Debug|x86
		Release|x64 = Release|x64
		Release|x86 = Release|x86
	EndGlobalSection
	GlobalSection(ProjectConfigurationPlatforms) = postSolution
		{D01BB28B-659F-402E-B7F1-8A3C537C9638}.Debug|x64.ActiveCfg = Debug|x64
		{D01BB28B-659F-402E-B7F1-8A3C537C9638}.Debug|x64.Build.0 = Debug|x64
		{D01BB28B-659F-402E-B7F1-8A3C537C9638}.Debug|x86.ActiveCfg = Debug|Win32
		{D01BB28B-659F-402E-B7F1-8A3C537C9638}.Debug|x86.Build.0 = Debug|Win32
		{D01BB28B-659F-402E-B7F1-8A3C537C9638}.Release|x64.ActiveCfg = Release|x64
		{D01BB28B-659F-402E-B7F1-8A3C537C9638}.Release|x64.Build.0 = Release|x64
		{D01BB28B-659F-402E-B7F1-8A3C537C9638}.Release|x86.ActiveCfg = Release|Win32
		{D01BB28B-659F-402E-B7F1-8A3C537C9638}.Release|x86.Build.0 = Release|Win32
	EndGlobalSection
	GlobalSection(SolutionProperties) = preSolution
		HideSolutionNode = FALSE
	EndGlobalSection
	GlobalSection(ExtensibilityGlobals) = postSolution
		SolutionGuid = {88D704F4-1F6C-47AF-9346-9E42D1BAD599}
	EndGlobalSection
EndGlobal
